
Microsoft Visual Studio Solution File, Format Version 12.00
# Visual Studio Version 16
VisualStudioVersion = 16.0.30517.126
MinimumVisualStudioVersion = 10.0.40219.1
Project("{8BC9CEB8-8B4A-11D0-8D11-00A0C91BC942}") = "AA1_01", "src\AA1_01\AA1_01.vcxproj", "{4090E285-2BDB-4849-9509-A2899232E81B}"
EndProject
Project("{8BC9CEB8-8B4A-11D0-8D11-00A0C91BC942}") = "AA1_02", "src\AA1_02\AA1_02.vcxproj", "{09F784EC-42A0-477E-9413-9DC2AEE7E991}"
EndProject
Project("{8BC9CEB8-8B4A-11D0-8D11-00A0C91BC942}") = "AA1_03", "src\AA1_03\AA1_03.vcxproj", "{2492912A-1D34-4CBA-8DFF-B4740828B756}"
EndProject
Project("{8BC9CEB8-8B4A-11D0-8D11-00A0C91BC942}") = "AA1_04", "src\AA1_04\AA1_04.vcxproj", "{8ECB99CD-262D-4778-A8DF-D365462FE8D7}"
EndProject
Project("{8BC9CEB8-8B4A-11D0-8D11-00A0C91BC942}") = "AA2_01", "src\AA2_01\AA2_01.vcxproj", "{C2452FC2-0AFA-4DC1-888D-CDE19F8DF4DF}"
EndProject
Project("{8BC9CEB8-8B4A-11D0-8D11-00A0C91BC942}") = "G16_AA2-2", "src\G16_AA2-2\G16_AA2-2.vcxproj", "{2C7C3E14-AE89-49BE-B1E3-DA8D3C9048F4}"
EndProject
Project("{8BC9CEB8-8B4A-11D0-8D11-00A0C91BC942}") = "AA1_06", "src\AA1_06\AA1_06.vcxproj", "{F2704A96-A3F1-41E0-9FE7-93ABE2C20C1F}"
EndProject
Global
	GlobalSection(SolutionConfigurationPlatforms) = preSolution
		Debug|x64 = Debug|x64
		Debug|x86 = Debug|x86
		Release|x64 = Release|x64
		Release|x86 = Release|x86
	EndGlobalSection
	GlobalSection(ProjectConfigurationPlatforms) = postSolution
		{4090E285-2BDB-4849-9509-A2899232E81B}.Debug|x64.ActiveCfg = Debug|x64
		{4090E285-2BDB-4849-9509-A2899232E81B}.Debug|x64.Build.0 = Debug|x64
		{4090E285-2BDB-4849-9509-A2899232E81B}.Debug|x86.ActiveCfg = Debug|Win32
		{4090E285-2BDB-4849-9509-A2899232E81B}.Debug|x86.Build.0 = Debug|Win32
		{4090E285-2BDB-4849-9509-A2899232E81B}.Release|x64.ActiveCfg = Release|x64
		{4090E285-2BDB-4849-9509-A2899232E81B}.Release|x64.Build.0 = Release|x64
		{4090E285-2BDB-4849-9509-A2899232E81B}.Release|x86.ActiveCfg = Release|Win32
		{4090E285-2BDB-4849-9509-A2899232E81B}.Release|x86.Build.0 = Release|Win32
		{09F784EC-42A0-477E-9413-9DC2AEE7E991}.Debug|x64.ActiveCfg = Debug|x64
		{09F784EC-42A0-477E-9413-9DC2AEE7E991}.Debug|x64.Build.0 = Debug|x64
		{09F784EC-42A0-477E-9413-9DC2AEE7E991}.Debug|x86.ActiveCfg = Debug|Win32
		{09F784EC-42A0-477E-9413-9DC2AEE7E991}.Debug|x86.Build.0 = Debug|Win32
		{09F784EC-42A0-477E-9413-9DC2AEE7E991}.Release|x64.ActiveCfg = Release|x64
		{09F784EC-42A0-477E-9413-9DC2AEE7E991}.Release|x64.Build.0 = Release|x64
		{09F784EC-42A0-477E-9413-9DC2AEE7E991}.Release|x86.ActiveCfg = Release|Win32
		{09F784EC-42A0-477E-9413-9DC2AEE7E991}.Release|x86.Build.0 = Release|Win32
		{2492912A-1D34-4CBA-8DFF-B4740828B756}.Debug|x64.ActiveCfg = Debug|x64
		{2492912A-1D34-4CBA-8DFF-B4740828B756}.Debug|x64.Build.0 = Debug|x64
		{2492912A-1D34-4CBA-8DFF-B4740828B756}.Debug|x86.ActiveCfg = Debug|Win32
		{2492912A-1D34-4CBA-8DFF-B4740828B756}.Debug|x86.Build.0 = Debug|Win32
		{2492912A-1D34-4CBA-8DFF-B4740828B756}.Release|x64.ActiveCfg = Release|x64
		{2492912A-1D34-4CBA-8DFF-B4740828B756}.Release|x64.Build.0 = Release|x64
		{2492912A-1D34-4CBA-8DFF-B4740828B756}.Release|x86.ActiveCfg = Release|Win32
		{2492912A-1D34-4CBA-8DFF-B4740828B756}.Release|x86.Build.0 = Release|Win32
		{8ECB99CD-262D-4778-A8DF-D365462FE8D7}.Debug|x64.ActiveCfg = Debug|x64
		{8ECB99CD-262D-4778-A8DF-D365462FE8D7}.Debug|x64.Build.0 = Debug|x64
		{8ECB99CD-262D-4778-A8DF-D365462FE8D7}.Debug|x86.ActiveCfg = Debug|Win32
		{8ECB99CD-262D-4778-A8DF-D365462FE8D7}.Debug|x86.Build.0 = Debug|Win32
		{8ECB99CD-262D-4778-A8DF-D365462FE8D7}.Release|x64.ActiveCfg = Release|x64
		{8ECB99CD-262D-4778-A8DF-D365462FE8D7}.Release|x64.Build.0 = Release|x64
		{8ECB99CD-262D-4778-A8DF-D365462FE8D7}.Release|x86.ActiveCfg = Release|Win32
		{8ECB99CD-262D-4778-A8DF-D365462FE8D7}.Release|x86.Build.0 = Release|Win32
		{C2452FC2-0AFA-4DC1-888D-CDE19F8DF4DF}.Debug|x64.ActiveCfg = Debug|x64
		{C2452FC2-0AFA-4DC1-888D-CDE19F8DF4DF}.Debug|x64.Build.0 = Debug|x64
		{C2452FC2-0AFA-4DC1-888D-CDE19F8DF4DF}.Debug|x86.ActiveCfg = Debug|Win32
		{C2452FC2-0AFA-4DC1-888D-CDE19F8DF4DF}.Debug|x86.Build.0 = Debug|Win32
		{C2452FC2-0AFA-4DC1-888D-CDE19F8DF4DF}.Release|x64.ActiveCfg = Release|x64
		{C2452FC2-0AFA-4DC1-888D-CDE19F8DF4DF}.Release|x64.Build.0 = Release|x64
		{C2452FC2-0AFA-4DC1-888D-CDE19F8DF4DF}.Release|x86.ActiveCfg = Release|Win32
		{C2452FC2-0AFA-4DC1-888D-CDE19F8DF4DF}.Release|x86.Build.0 = Release|Win32
		{2C7C3E14-AE89-49BE-B1E3-DA8D3C9048F4}.Debug|x64.ActiveCfg = Debug|x64
		{2C7C3E14-AE89-49BE-B1E3-DA8D3C9048F4}.Debug|x64.Build.0 = Debug|x64
		{2C7C3E14-AE89-49BE-B1E3-DA8D3C9048F4}.Debug|x86.ActiveCfg = Debug|Win32
		{2C7C3E14-AE89-49BE-B1E3-DA8D3C9048F4}.Debug|x86.Build.0 = Debug|Win32
		{2C7C3E14-AE89-49BE-B1E3-DA8D3C9048F4}.Release|x64.ActiveCfg = Release|x64
		{2C7C3E14-AE89-49BE-B1E3-DA8D3C9048F4}.Release|x64.Build.0 = Release|x64
		{2C7C3E14-AE89-49BE-B1E3-DA8D3C9048F4}.Release|x86.ActiveCfg = Release|Win32
		{2C7C3E14-AE89-49BE-B1E3-DA8D3C9048F4}.Release|x86.Build.0 = Release|Win32
		{F2704A96-A3F1-41E0-9FE7-93ABE2C20C1F}.Debug|x64.ActiveCfg = Debug|x64
		{F2704A96-A3F1-41E0-9FE7-93ABE2C20C1F}.Debug|x64.Build.0 = Debug|x64
		{F2704A96-A3F1-41E0-9FE7-93ABE2C20C1F}.Debug|x86.ActiveCfg = Debug|Win32
		{F2704A96-A3F1-41E0-9FE7-93ABE2C20C1F}.Debug|x86.Build.0 = Debug|Win32
		{F2704A96-A3F1-41E0-9FE7-93ABE2C20C1F}.Release|x64.ActiveCfg = Release|x64
		{F2704A96-A3F1-41E0-9FE7-93ABE2C20C1F}.Release|x64.Build.0 = Release|x64
		{F2704A96-A3F1-41E0-9FE7-93ABE2C20C1F}.Release|x86.ActiveCfg = Release|Win32
		{F2704A96-A3F1-41E0-9FE7-93ABE2C20C1F}.Release|x86.Build.0 = Release|Win32
	EndGlobalSection
	GlobalSection(SolutionProperties) = preSolution
		HideSolutionNode = FALSE
	EndGlobalSection
	GlobalSection(ExtensibilityGlobals) = postSolution
		SolutionGuid = {1E902D1C-60A7-4750-8F8A-03735C582F03}
	EndGlobalSection
EndGlobal
